// !$*UTF8*$!
{
	archiveVersion = 1;
	classes = {
	};
	objectVersion = 50;
	objects = {

/* Begin PBXBuildFile section */
		58089139257ABF3000B28DD3 /* gkshleri2020.h in Headers */ = {isa = PBXBuildFile; fileRef = 58089137257ABF3000B28DD3 /* gkshleri2020.h */; settings = {ATTRIBUTES = (Public, ); }; };
		5808914A257AC98400B28DD3 /* AppDelegate.swift in Sources */ = {isa = PBXBuildFile; fileRef = 58089149257AC98400B28DD3 /* AppDelegate.swift */; };
		5808914C257AC98400B28DD3 /* SceneDelegate.swift in Sources */ = {isa = PBXBuildFile; fileRef = 5808914B257AC98400B28DD3 /* SceneDelegate.swift */; };
		5808914E257AC98400B28DD3 /* ViewController.swift in Sources */ = {isa = PBXBuildFile; fileRef = 5808914D257AC98400B28DD3 /* ViewController.swift */; };
		58089151257AC98400B28DD3 /* Main.storyboard in Resources */ = {isa = PBXBuildFile; fileRef = 5808914F257AC98400B28DD3 /* Main.storyboard */; };
		58089153257AC98500B28DD3 /* Assets.xcassets in Resources */ = {isa = PBXBuildFile; fileRef = 58089152257AC98500B28DD3 /* Assets.xcassets */; };
		58089156257AC98500B28DD3 /* LaunchScreen.storyboard in Resources */ = {isa = PBXBuildFile; fileRef = 58089154257AC98500B28DD3 /* LaunchScreen.storyboard */; };
		5808915E257ACA9F00B28DD3 /* SwiftLib.swift in Sources */ = {isa = PBXBuildFile; fileRef = 5808915D257ACA9F00B28DD3 /* SwiftLib.swift */; };
		C45A69024EA9225F26198F22 /* Pods_gkshleri2020.framework in Frameworks */ = {isa = PBXBuildFile; fileRef = 1204057C7E4E58BA2B4DCDBE /* Pods_gkshleri2020.framework */; };
		F0EE49E4338D388FEFBC01FB /* Pods_Example.framework in Frameworks */ = {isa = PBXBuildFile; fileRef = 1E5DAF427E59535A0BEEAE35 /* Pods_Example.framework */; };
/* End PBXBuildFile section */

/* Begin PBXFileReference section */
		1204057C7E4E58BA2B4DCDBE /* Pods_gkshleri2020.framework */ = {isa = PBXFileReference; explicitFileType = wrapper.framework; includeInIndex = 0; path = Pods_gkshleri2020.framework; sourceTree = BUILT_PRODUCTS_DIR; };
		1E5DAF427E59535A0BEEAE35 /* Pods_Example.framework */ = {isa = PBXFileReference; explicitFileType = wrapper.framework; includeInIndex = 0; path = Pods_Example.framework; sourceTree = BUILT_PRODUCTS_DIR; };
		58089134257ABF3000B28DD3 /* gkshleri2020.framework */ = {isa = PBXFileReference; explicitFileType = wrapper.framework; includeInIndex = 0; path = gkshleri2020.framework; sourceTree = BUILT_PRODUCTS_DIR; };
		58089137257ABF3000B28DD3 /* gkshleri2020.h */ = {isa = PBXFileReference; lastKnownFileType = sourcecode.c.h; path = gkshleri2020.h; sourceTree = "<group>"; };
		58089138257ABF3000B28DD3 /* Info.plist */ = {isa = PBXFileReference; lastKnownFileType = text.plist.xml; path = Info.plist; sourceTree = "<group>"; };
		58089147257AC98400B28DD3 /* Example.app */ = {isa = PBXFileReference; explicitFileType = wrapper.application; includeInIndex = 0; path = Example.app; sourceTree = BUILT_PRODUCTS_DIR; };
		58089149257AC98400B28DD3 /* AppDelegate.swift */ = {isa = PBXFileReference; lastKnownFileType = sourcecode.swift; path = AppDelegate.swift; sourceTree = "<group>"; };
		5808914B257AC98400B28DD3 /* SceneDelegate.swift */ = {isa = PBXFileReference; lastKnownFileType = sourcecode.swift; path = SceneDelegate.swift; sourceTree = "<group>"; };
		5808914D257AC98400B28DD3 /* ViewController.swift */ = {isa = PBXFileReference; lastKnownFileType = sourcecode.swift; path = ViewController.swift; sourceTree = "<group>"; };
		58089150257AC98400B28DD3 /* Base */ = {isa = PBXFileReference; lastKnownFileType = file.storyboard; name = Base; path = Base.lproj/Main.storyboard; sourceTree = "<group>"; };
		58089152257AC98500B28DD3 /* Assets.xcassets */ = {isa = PBXFileReference; lastKnownFileType = folder.assetcatalog; path = Assets.xcassets; sourceTree = "<group>"; };
		58089155257AC98500B28DD3 /* Base */ = {isa = PBXFileReference; lastKnownFileType = file.storyboard; name = Base; path = Base.lproj/LaunchScreen.storyboard; sourceTree = "<group>"; };
		58089157257AC98500B28DD3 /* Info.plist */ = {isa = PBXFileReference; lastKnownFileType = text.plist.xml; path = Info.plist; sourceTree = "<group>"; };
		5808915D257ACA9F00B28DD3 /* SwiftLib.swift */ = {isa = PBXFileReference; lastKnownFileType = sourcecode.swift; path = SwiftLib.swift; sourceTree = "<group>"; };
		ADBC5BEEF7C09854AE05529D /* Pods-gkshleri2020.debug.xcconfig */ = {isa = PBXFileReference; includeInIndex = 1; lastKnownFileType = text.xcconfig; name = "Pods-gkshleri2020.debug.xcconfig"; path = "Target Support Files/Pods-gkshleri2020/Pods-gkshleri2020.debug.xcconfig"; sourceTree = "<group>"; };
		BB433E9E5D5EA25C160525EF /* Pods-gkshleri2020.release.xcconfig */ = {isa = PBXFileReference; includeInIndex = 1; lastKnownFileType = text.xcconfig; name = "Pods-gkshleri2020.release.xcconfig"; path = "Target Support Files/Pods-gkshleri2020/Pods-gkshleri2020.release.xcconfig"; sourceTree = "<group>"; };
		F5593A057E7A4C9861EDF6F6 /* Pods-Example.debug.xcconfig */ = {isa = PBXFileReference; includeInIndex = 1; lastKnownFileType = text.xcconfig; name = "Pods-Example.debug.xcconfig"; path = "Target Support Files/Pods-Example/Pods-Example.debug.xcconfig"; sourceTree = "<group>"; };
		F8075F54316919848E88686A /* Pods-Example.release.xcconfig */ = {isa = PBXFileReference; includeInIndex = 1; lastKnownFileType = text.xcconfig; name = "Pods-Example.release.xcconfig"; path = "Target Support Files/Pods-Example/Pods-Example.release.xcconfig"; sourceTree = "<group>"; };
/* End PBXFileReference section */

/* Begin PBXFrameworksBuildPhase section */
		58089131257ABF3000B28DD3 /* Frameworks */ = {
			isa = PBXFrameworksBuildPhase;
			buildActionMask = 2147483647;
			files = (
				C45A69024EA9225F26198F22 /* Pods_gkshleri2020.framework in Frameworks */,
			);
			runOnlyForDeploymentPostprocessing = 0;
		};
		58089144257AC98400B28DD3 /* Frameworks */ = {
			isa = PBXFrameworksBuildPhase;
			buildActionMask = 2147483647;
			files = (
				F0EE49E4338D388FEFBC01FB /* Pods_Example.framework in Frameworks */,
			);
			runOnlyForDeploymentPostprocessing = 0;
		};
/* End PBXFrameworksBuildPhase section */

/* Begin PBXGroup section */
		5808912A257ABF3000B28DD3 = {
			isa = PBXGroup;
			children = (
				58089136257ABF3000B28DD3 /* gkshleri2020 */,
				58089148257AC98400B28DD3 /* Example */,
				58089135257ABF3000B28DD3 /* Products */,
				914F25F47B3F3C129EEAD6B2 /* Pods */,
				6FC5E4DC9D20393E698358DC /* Frameworks */,
			);
			sourceTree = "<group>";
		};
		58089135257ABF3000B28DD3 /* Products */ = {
			isa = PBXGroup;
			children = (
				58089134257ABF3000B28DD3 /* gkshleri2020.framework */,
				58089147257AC98400B28DD3 /* Example.app */,
			);
			name = Products;
			sourceTree = "<group>";
		};
		58089136257ABF3000B28DD3 /* gkshleri2020 */ = {
			isa = PBXGroup;
			children = (
				58089137257ABF3000B28DD3 /* gkshleri2020.h */,
				58089138257ABF3000B28DD3 /* Info.plist */,
				5808915D257ACA9F00B28DD3 /* SwiftLib.swift */,
			);
			path = gkshleri2020;
			sourceTree = "<group>";
		};
		58089148257AC98400B28DD3 /* Example */ = {
			isa = PBXGroup;
			children = (
				58089149257AC98400B28DD3 /* AppDelegate.swift */,
				5808914B257AC98400B28DD3 /* SceneDelegate.swift */,
				5808914D257AC98400B28DD3 /* ViewController.swift */,
				5808914F257AC98400B28DD3 /* Main.storyboard */,
				58089152257AC98500B28DD3 /* Assets.xcassets */,
				58089154257AC98500B28DD3 /* LaunchScreen.storyboard */,
				58089157257AC98500B28DD3 /* Info.plist */,
			);
			path = Example;
			sourceTree = "<group>";
		};
		6FC5E4DC9D20393E698358DC /* Frameworks */ = {
			isa = PBXGroup;
			children = (
				1E5DAF427E59535A0BEEAE35 /* Pods_Example.framework */,
				1204057C7E4E58BA2B4DCDBE /* Pods_gkshleri2020.framework */,
			);
			name = Frameworks;
			sourceTree = "<group>";
		};
		914F25F47B3F3C129EEAD6B2 /* Pods */ = {
			isa = PBXGroup;
			children = (
				F5593A057E7A4C9861EDF6F6 /* Pods-Example.debug.xcconfig */,
				F8075F54316919848E88686A /* Pods-Example.release.xcconfig */,
				ADBC5BEEF7C09854AE05529D /* Pods-gkshleri2020.debug.xcconfig */,
				BB433E9E5D5EA25C160525EF /* Pods-gkshleri2020.release.xcconfig */,
			);
			name = Pods;
			path = Pods;
			sourceTree = "<group>";
		};
/* End PBXGroup section */

/* Begin PBXHeadersBuildPhase section */
		5808912F257ABF3000B28DD3 /* Headers */ = {
			isa = PBXHeadersBuildPhase;
			buildActionMask = 2147483647;
			files = (
				58089139257ABF3000B28DD3 /* gkshleri2020.h in Headers */,
			);
			runOnlyForDeploymentPostprocessing = 0;
		};
/* End PBXHeadersBuildPhase section */

/* Begin PBXNativeTarget section */
		58089133257ABF3000B28DD3 /* gkshleri2020 */ = {
			isa = PBXNativeTarget;
			buildConfigurationList = 5808913C257ABF3000B28DD3 /* Build configuration list for PBXNativeTarget "gkshleri2020" */;
			buildPhases = (
				0FC509FADBC182D739D42C57 /* [CP] Check Pods Manifest.lock */,
				5808912F257ABF3000B28DD3 /* Headers */,
				58089130257ABF3000B28DD3 /* Sources */,
				58089131257ABF3000B28DD3 /* Frameworks */,
				58089132257ABF3000B28DD3 /* Resources */,
			);
			buildRules = (
			);
			dependencies = (
			);
			name = gkshleri2020;
			productName = gkshleri2020;
			productReference = 58089134257ABF3000B28DD3 /* gkshleri2020.framework */;
			productType = "com.apple.product-type.framework";
		};
		58089146257AC98400B28DD3 /* Example */ = {
			isa = PBXNativeTarget;
			buildConfigurationList = 58089158257AC98500B28DD3 /* Build configuration list for PBXNativeTarget "Example" */;
			buildPhases = (
				FD0CE0084FADF8DBD5641207 /* [CP] Check Pods Manifest.lock */,
				58089143257AC98400B28DD3 /* Sources */,
				58089144257AC98400B28DD3 /* Frameworks */,
				58089145257AC98400B28DD3 /* Resources */,
			);
			buildRules = (
			);
			dependencies = (
			);
			name = Example;
			productName = Example;
			productReference = 58089147257AC98400B28DD3 /* Example.app */;
			productType = "com.apple.product-type.application";
		};
/* End PBXNativeTarget section */

/* Begin PBXProject section */
		5808912B257ABF3000B28DD3 /* Project object */ = {
			isa = PBXProject;
			attributes = {
				LastSwiftUpdateCheck = 1210;
				LastUpgradeCheck = 1210;
				TargetAttributes = {
					58089133257ABF3000B28DD3 = {
						CreatedOnToolsVersion = 12.1;
						LastSwiftMigration = 1210;
					};
					58089146257AC98400B28DD3 = {
						CreatedOnToolsVersion = 12.1;
					};
				};
			};
			buildConfigurationList = 5808912E257ABF3000B28DD3 /* Build configuration list for PBXProject "gkshleri2020" */;
			compatibilityVersion = "Xcode 9.3";
			developmentRegion = en;
			hasScannedForEncodings = 0;
			knownRegions = (
				en,
				Base,
			);
			mainGroup = 5808912A257ABF3000B28DD3;
			productRefGroup = 58089135257ABF3000B28DD3 /* Products */;
			projectDirPath = "";
			projectRoot = "";
			targets = (
				58089133257ABF3000B28DD3 /* gkshleri2020 */,
				58089146257AC98400B28DD3 /* Example */,
			);
		};
/* End PBXProject section */

/* Begin PBXResourcesBuildPhase section */
		58089132257ABF3000B28DD3 /* Resources */ = {
			isa = PBXResourcesBuildPhase;
			buildActionMask = 2147483647;
			files = (
			);
			runOnlyForDeploymentPostprocessing = 0;
		};
		58089145257AC98400B28DD3 /* Resources */ = {
			isa = PBXResourcesBuildPhase;
			buildActionMask = 2147483647;
			files = (
				58089156257AC98500B28DD3 /* LaunchScreen.storyboard in Resources */,
				58089153257AC98500B28DD3 /* Assets.xcassets in Resources */,
				58089151257AC98400B28DD3 /* Main.storyboard in Resources */,
			);
			runOnlyForDeploymentPostprocessing = 0;
		};
/* End PBXResourcesBuildPhase section */

/* Begin PBXShellScriptBuildPhase section */
		0FC509FADBC182D739D42C57 /* [CP] Check Pods Manifest.lock */ = {
			isa = PBXShellScriptBuildPhase;
			buildActionMask = 2147483647;
			files = (
			);
			inputFileListPaths = (
			);
			inputPaths = (
				"${PODS_PODFILE_DIR_PATH}/Podfile.lock",
				"${PODS_ROOT}/Manifest.lock",
			);
			name = "[CP] Check Pods Manifest.lock";
			outputFileListPaths = (
			);
			outputPaths = (
				"$(DERIVED_FILE_DIR)/Pods-gkshleri2020-checkManifestLockResult.txt",
			);
			runOnlyForDeploymentPostprocessing = 0;
			shellPath = /bin/sh;
			shellScript = "diff \"${PODS_PODFILE_DIR_PATH}/Podfile.lock\" \"${PODS_ROOT}/Manifest.lock\" > /dev/null\nif [ $? != 0 ] ; then\n    # print error to STDERR\n    echo \"error: The sandbox is not in sync with the Podfile.lock. Run 'pod install' or update your CocoaPods installation.\" >&2\n    exit 1\nfi\n# This output is used by Xcode 'outputs' to avoid re-running this script phase.\necho \"SUCCESS\" > \"${SCRIPT_OUTPUT_FILE_0}\"\n";
			showEnvVarsInLog = 0;
		};
		FD0CE0084FADF8DBD5641207 /* [CP] Check Pods Manifest.lock */ = {
			isa = PBXShellScriptBuildPhase;
			buildActionMask = 2147483647;
			files = (
			);
			inputFileListPaths = (
			);
			inputPaths = (
				"${PODS_PODFILE_DIR_PATH}/Podfile.lock",
				"${PODS_ROOT}/Manifest.lock",
			);
			name = "[CP] Check Pods Manifest.lock";
			outputFileListPaths = (
			);
			outputPaths = (
				"$(DERIVED_FILE_DIR)/Pods-Example-checkManifestLockResult.txt",
			);
			runOnlyForDeploymentPostprocessing = 0;
			shellPath = /bin/sh;
			shellScript = "diff \"${PODS_PODFILE_DIR_PATH}/Podfile.lock\" \"${PODS_ROOT}/Manifest.lock\" > /dev/null\nif [ $? != 0 ] ; then\n    # print error to STDERR\n    echo \"error: The sandbox is not in sync with the Podfile.lock. Run 'pod install' or update your CocoaPods installation.\" >&2\n    exit 1\nfi\n# This output is used by Xcode 'outputs' to avoid re-running this script phase.\necho \"SUCCESS\" > \"${SCRIPT_OUTPUT_FILE_0}\"\n";
			showEnvVarsInLog = 0;
		};
/* End PBXShellScriptBuildPhase section */

/* Begin PBXSourcesBuildPhase section */
		58089130257ABF3000B28DD3 /* Sources */ = {
			isa = PBXSourcesBuildPhase;
			buildActionMask = 2147483647;
			files = (
				5808915E257ACA9F00B28DD3 /* SwiftLib.swift in Sources */,
			);
			runOnlyForDeploymentPostprocessing = 0;
		};
		58089143257AC98400B28DD3 /* Sources */ = {
			isa = PBXSourcesBuildPhase;
			buildActionMask = 2147483647;
			files = (
				5808914E257AC98400B28DD3 /* ViewController.swift in Sources */,
				5808914A257AC98400B28DD3 /* AppDelegate.swift in Sources */,
				5808914C257AC98400B28DD3 /* SceneDelegate.swift in Sources */,
			);
			runOnlyForDeploymentPostprocessing = 0;
		};
/* End PBXSourcesBuildPhase section */

/* Begin PBXVariantGroup section */
		5808914F257AC98400B28DD3 /* Main.storyboard */ = {
			isa = PBXVariantGroup;
			children = (
				58089150257AC98400B28DD3 /* Base */,
			);
			name = Main.storyboard;
			sourceTree = "<group>";
		};
		58089154257AC98500B28DD3 /* LaunchScreen.storyboard */ = {
			isa = PBXVariantGroup;
			children = (
				58089155257AC98500B28DD3 /* Base */,
			);
			name = LaunchScreen.storyboard;
			sourceTree = "<group>";
		};
/* End PBXVariantGroup section */

/* Begin XCBuildConfiguration section */
		5808913A257ABF3000B28DD3 /* Debug */ = {
			isa = XCBuildConfiguration;
			buildSettings = {
				ALWAYS_SEARCH_USER_PATHS = NO;
				CLANG_ANALYZER_NONNULL = YES;
				CLANG_ANALYZER_NUMBER_OBJECT_CONVERSION = YES_AGGRESSIVE;
				CLANG_CXX_LANGUAGE_STANDARD = "gnu++14";
				CLANG_CXX_LIBRARY = "libc++";
				CLANG_ENABLE_MODULES = YES;
				CLANG_ENABLE_OBJC_ARC = YES;
				CLANG_ENABLE_OBJC_WEAK = YES;
				CLANG_WARN_BLOCK_CAPTURE_AUTORELEASING = YES;
				CLANG_WARN_BOOL_CONVERSION = YES;
				CLANG_WARN_COMMA = YES;
				CLANG_WARN_CONSTANT_CONVERSION = YES;
				CLANG_WARN_DEPRECATED_OBJC_IMPLEMENTATIONS = YES;
				CLANG_WARN_DIRECT_OBJC_ISA_USAGE = YES_ERROR;
				CLANG_WARN_DOCUMENTATION_COMMENTS = YES;
				CLANG_WARN_EMPTY_BODY = YES;
				CLANG_WARN_ENUM_CONVERSION = YES;
				CLANG_WARN_INFINITE_RECURSION = YES;
				CLANG_WARN_INT_CONVERSION = YES;
				CLANG_WARN_NON_LITERAL_NULL_CONVERSION = YES;
				CLANG_WARN_OBJC_IMPLICIT_RETAIN_SELF = YES;
				CLANG_WARN_OBJC_LITERAL_CONVERSION = YES;
				CLANG_WARN_OBJC_ROOT_CLASS = YES_ERROR;
				CLANG_WARN_QUOTED_INCLUDE_IN_FRAMEWORK_HEADER = YES;
				CLANG_WARN_RANGE_LOOP_ANALYSIS = YES;
				CLANG_WARN_STRICT_PROTOTYPES = YES;
				CLANG_WARN_SUSPICIOUS_MOVE = YES;
				CLANG_WARN_UNGUARDED_AVAILABILITY = YES_AGGRESSIVE;
				CLANG_WARN_UNREACHABLE_CODE = YES;
				CLANG_WARN__DUPLICATE_METHOD_MATCH = YES;
				COPY_PHASE_STRIP = NO;
				CURRENT_PROJECT_VERSION = 1;
				DEBUG_INFORMATION_FORMAT = dwarf;
				ENABLE_STRICT_OBJC_MSGSEND = YES;
				ENABLE_TESTABILITY = YES;
				GCC_C_LANGUAGE_STANDARD = gnu11;
				GCC_DYNAMIC_NO_PIC = NO;
				GCC_NO_COMMON_BLOCKS = YES;
				GCC_OPTIMIZATION_LEVEL = 0;
				GCC_PREPROCESSOR_DEFINITIONS = (
					"DEBUG=1",
					"$(inherited)",
				);
				GCC_WARN_64_TO_32_BIT_CONVERSION = YES;
				GCC_WARN_ABOUT_RETURN_TYPE = YES_ERROR;
				GCC_WARN_UNDECLARED_SELECTOR = YES;
				GCC_WARN_UNINITIALIZED_AUTOS = YES_AGGRESSIVE;
				GCC_WARN_UNUSED_FUNCTION = YES;
				GCC_WARN_UNUSED_VARIABLE = YES;
				IPHONEOS_DEPLOYMENT_TARGET = 9.0;
				MTL_ENABLE_DEBUG_INFO = INCLUDE_SOURCE;
				MTL_FAST_MATH = YES;
				ONLY_ACTIVE_ARCH = YES;
				SDKROOT = iphoneos;
				SWIFT_ACTIVE_COMPILATION_CONDITIONS = DEBUG;
				SWIFT_OPTIMIZATION_LEVEL = "-Onone";
				VERSIONING_SYSTEM = "apple-generic";
				VERSION_INFO_PREFIX = "";
			};
			name = Debug;
		};
		5808913B257ABF3000B28DD3 /* Release */ = {
			isa = XCBuildConfiguration;
			buildSettings = {
				ALWAYS_SEARCH_USER_PATHS = NO;
				CLANG_ANALYZER_NONNULL = YES;
				CLANG_ANALYZER_NUMBER_OBJECT_CONVERSION = YES_AGGRESSIVE;
				CLANG_CXX_LANGUAGE_STANDARD = "gnu++14";
				CLANG_CXX_LIBRARY = "libc++";
				CLANG_ENABLE_MODULES = YES;
				CLANG_ENABLE_OBJC_ARC = YES;
				CLANG_ENABLE_OBJC_WEAK = YES;
				CLANG_WARN_BLOCK_CAPTURE_AUTORELEASING = YES;
				CLANG_WARN_BOOL_CONVERSION = YES;
				CLANG_WARN_COMMA = YES;
				CLANG_WARN_CONSTANT_CONVERSION = YES;
				CLANG_WARN_DEPRECATED_OBJC_IMPLEMENTATIONS = YES;
				CLANG_WARN_DIRECT_OBJC_ISA_USAGE = YES_ERROR;
				CLANG_WARN_DOCUMENTATION_COMMENTS = YES;
				CLANG_WARN_EMPTY_BODY = YES;
				CLANG_WARN_ENUM_CONVERSION = YES;
				CLANG_WARN_INFINITE_RECURSION = YES;
				CLANG_WARN_INT_CONVERSION = YES;
				CLANG_WARN_NON_LITERAL_NULL_CONVERSION = YES;
				CLANG_WARN_OBJC_IMPLICIT_RETAIN_SELF = YES;
				CLANG_WARN_OBJC_LITERAL_CONVERSION = YES;
				CLANG_WARN_OBJC_ROOT_CLASS = YES_ERROR;
				CLANG_WARN_QUOTED_INCLUDE_IN_FRAMEWORK_HEADER = YES;
				CLANG_WARN_RANGE_LOOP_ANALYSIS = YES;
				CLANG_WARN_STRICT_PROTOTYPES = YES;
				CLANG_WARN_SUSPICIOUS_MOVE = YES;
				CLANG_WARN_UNGUARDED_AVAILABILITY = YES_AGGRESSIVE;
				CLANG_WARN_UNREACHABLE_CODE = YES;
				CLANG_WARN__DUPLICATE_METHOD_MATCH = YES;
				COPY_PHASE_STRIP = NO;
				CURRENT_PROJECT_VERSION = 1;
				DEBUG_INFORMATION_FORMAT = "dwarf-with-dsym";
				ENABLE_NS_ASSERTIONS = NO;
				ENABLE_STRICT_OBJC_MSGSEND = YES;
				GCC_C_LANGUAGE_STANDARD = gnu11;
				GCC_NO_COMMON_BLOCKS = YES;
				GCC_WARN_64_TO_32_BIT_CONVERSION = YES;
				GCC_WARN_ABOUT_RETURN_TYPE = YES_ERROR;
				GCC_WARN_UNDECLARED_SELECTOR = YES;
				GCC_WARN_UNINITIALIZED_AUTOS = YES_AGGRESSIVE;
				GCC_WARN_UNUSED_FUNCTION = YES;
				GCC_WARN_UNUSED_VARIABLE = YES;
				IPHONEOS_DEPLOYMENT_TARGET = 9.0;
				MTL_ENABLE_DEBUG_INFO = NO;
				MTL_FAST_MATH = YES;
				SDKROOT = iphoneos;
				SWIFT_COMPILATION_MODE = wholemodule;
				SWIFT_OPTIMIZATION_LEVEL = "-O";
				VALIDATE_PRODUCT = YES;
				VERSIONING_SYSTEM = "apple-generic";
				VERSION_INFO_PREFIX = "";
			};
			name = Release;
		};
		5808913D257ABF3000B28DD3 /* Debug */ = {
			isa = XCBuildConfiguration;
			baseConfigurationReference = ADBC5BEEF7C09854AE05529D /* Pods-gkshleri2020.debug.xcconfig */;
			buildSettings = {
				CLANG_ENABLE_MODULES = YES;
				CODE_SIGN_STYLE = Automatic;
				DEFINES_MODULE = YES;
				DYLIB_COMPATIBILITY_VERSION = 1;
				DYLIB_CURRENT_VERSION = 1;
				DYLIB_INSTALL_NAME_BASE = "@rpath";
				INFOPLIST_FILE = gkshleri2020/Info.plist;
				INSTALL_PATH = "$(LOCAL_LIBRARY_DIR)/Frameworks";
				LD_RUNPATH_SEARCH_PATHS = (
					"$(inherited)",
					"@executable_path/Frameworks",
					"@loader_path/Frameworks",
				);
				PRODUCT_BUNDLE_IDENTIFIER = "Ivan-Levin.gkshleri2020";
				PRODUCT_NAME = "$(TARGET_NAME:c99extidentifier)";
				SKIP_INSTALL = YES;
				SWIFT_OPTIMIZATION_LEVEL = "-Onone";
				SWIFT_VERSION = 5.0;
				TARGETED_DEVICE_FAMILY = "1,2";
			};
			name = Debug;
		};
		5808913E257ABF3000B28DD3 /* Release */ = {
			isa = XCBuildConfiguration;
			baseConfigurationReference = BB433E9E5D5EA25C160525EF /* Pods-gkshleri2020.release.xcconfig */;
			buildSettings = {
				CLANG_ENABLE_MODULES = YES;
				CODE_SIGN_STYLE = Automatic;
				DEFINES_MODULE = YES;
				DYLIB_COMPATIBILITY_VERSION = 1;
				DYLIB_CURRENT_VERSION = 1;
				DYLIB_INSTALL_NAME_BASE = "@rpath";
				INFOPLIST_FILE = gkshleri2020/Info.plist;
				INSTALL_PATH = "$(LOCAL_LIBRARY_DIR)/Frameworks";
				LD_RUNPATH_SEARCH_PATHS = (
					"$(inherited)",
					"@executable_path/Frameworks",
					"@loader_path/Frameworks",
				);
				PRODUCT_BUNDLE_IDENTIFIER = "Ivan-Levin.gkshleri2020";
				PRODUCT_NAME = "$(TARGET_NAME:c99extidentifier)";
				SKIP_INSTALL = YES;
				SWIFT_VERSION = 5.0;
				TARGETED_DEVICE_FAMILY = "1,2";
			};
			name = Release;
		};
		58089159257AC98500B28DD3 /* Debug */ = {
			isa = XCBuildConfiguration;
			baseConfigurationReference = F5593A057E7A4C9861EDF6F6 /* Pods-Example.debug.xcconfig */;
			buildSettings = {
				ASSETCATALOG_COMPILER_APPICON_NAME = AppIcon;
				ASSETCATALOG_COMPILER_GLOBAL_ACCENT_COLOR_NAME = AccentColor;
				CODE_SIGN_STYLE = Automatic;
				INFOPLIST_FILE = Example/Info.plist;
				IPHONEOS_DEPLOYMENT_TARGET = 14.1;
				LD_RUNPATH_SEARCH_PATHS = (
					"$(inherited)",
					"@executable_path/Frameworks",
				);
				PRODUCT_BUNDLE_IDENTIFIER = "Ivan-Levin.Example";
				PRODUCT_NAME = "$(TARGET_NAME)";
				SWIFT_VERSION = 5.0;
				TARGETED_DEVICE_FAMILY = "1,2";
			};
			name = Debug;
		};
		5808915A257AC98500B28DD3 /* Release */ = {
			isa = XCBuildConfiguration;
			baseConfigurationReference = F8075F54316919848E88686A /* Pods-Example.release.xcconfig */;
			buildSettings = {
				ASSETCATALOG_COMPILER_APPICON_NAME = AppIcon;
				ASSETCATALOG_COMPILER_GLOBAL_ACCENT_COLOR_NAME = AccentColor;
				CODE_SIGN_STYLE = Automatic;
				INFOPLIST_FILE = Example/Info.plist;
				IPHONEOS_DEPLOYMENT_TARGET = 14.1;
				LD_RUNPATH_SEARCH_PATHS = (
					"$(inherited)",
					"@executable_path/Frameworks",
				);
				PRODUCT_BUNDLE_IDENTIFIER = "Ivan-Levin.Example";
				PRODUCT_NAME = "$(TARGET_NAME)";
				SWIFT_VERSION = 5.0;
				TARGETED_DEVICE_FAMILY = "1,2";
			};
			name = Release;
		};
/* End XCBuildConfiguration section */

/* Begin XCConfigurationList section */
		5808912E257ABF3000B28DD3 /* Build configuration list for PBXProject "gkshleri2020" */ = {
			isa = XCConfigurationList;
			buildConfigurations = (
				5808913A257ABF3000B28DD3 /* Debug */,
				5808913B257ABF3000B28DD3 /* Release */,
			);
			defaultConfigurationIsVisible = 0;
			defaultConfigurationName = Release;
		};
		5808913C257ABF3000B28DD3 /* Build configuration list for PBXNativeTarget "gkshleri2020" */ = {
			isa = XCConfigurationList;
			buildConfigurations = (
				5808913D257ABF3000B28DD3 /* Debug */,
				5808913E257ABF3000B28DD3 /* Release */,
			);
			defaultConfigurationIsVisible = 0;
			defaultConfigurationName = Release;
		};
		58089158257AC98500B28DD3 /* Build configuration list for PBXNativeTarget "Example" */ = {
			isa = XCConfigurationList;
			buildConfigurations = (
				58089159257AC98500B28DD3 /* Debug */,
				5808915A257AC98500B28DD3 /* Release */,
			);
			defaultConfigurationIsVisible = 0;
			defaultConfigurationName = Release;
		};
/* End XCConfigurationList section */
	};
	rootObject = 5808912B257ABF3000B28DD3 /* Project object */;
}
